<?xml version="1.0" encoding="utf-8"?>
<Project ToolsVersion="4.0" xmlns="http://schemas.microsoft.com/developer/msbuild/2003">
  <ItemGroup>
    <Filter Include="Source Files">
      <UniqueIdentifier>{4FC737F1-C7A5-4376-A066-2A32D752A2FF}</UniqueIdentifier>
      <Extensions>cpp;c;cc;cxx;def;odl;idl;hpj;bat;asm;asmx</Extensions>
    </Filter>
    <Filter Include="Header Files">
      <UniqueIdentifier>{93995380-89BD-4b04-88EB-625FBE52EBFB}</UniqueIdentifier>
      <Extensions>h;hpp;hxx;hm;inl;inc;xsd</Extensions>
    </Filter>
    <Filter Include="Resource Files">
      <UniqueIdentifier>{67DA6AB6-F800-4c08-8B7A-83BB121AAD01}</UniqueIdentifier>
      <Extensions>rc;ico;cur;bmp;dlg;rc2;rct;bin;rgs;gif;jpg;jpeg;jpe;resx;tiff;tif;png;wav;mfcribbon-ms</Extensions>
    </Filter>
    <Filter Include="sfmt">
      <UniqueIdentifier>{bc744aba-e16d-47d7-9f5b-2ae35a1f8fbd}</UniqueIdentifier>
    </Filter>
  </ItemGroup>
  <ItemGroup>
    <ClInclude Include="Network.h">
      <Filter>Header Files</Filter>
    </ClInclude>
    <ClInclude Include="Solver.h">
      <Filter>Header Files</Filter>
    </ClInclude>
    <ClInclude Include="Population.h">
      <Filter>Header Files</Filter>
    </ClInclude>
    <ClInclude Include="DataSource.h">
      <Filter>Header Files</Filter>
    </ClInclude>
    <ClInclude Include="Viewer.h">
      <Filter>Header Files</Filter>
    </ClInclude>
    <ClInclude Include="SenM.h">
      <Filter>Header Files</Filter>
    </ClInclude>
    <ClInclude Include="Varima.h">
      <Filter>Header Files</Filter>
    </ClInclude>
    <ClInclude Include="vtkincludes.h">
      <Filter>Header Files</Filter>
    </ClInclude>
    <ClInclude Include="rngs\rvgs.h">
      <Filter>Header Files</Filter>
    </ClInclude>
    <ClInclude Include="SFMC\SFMT-common.h">
      <Filter>sfmt</Filter>
    </ClInclude>
    <ClInclude Include="SFMC\SFMT-params.h">
      <Filter>sfmt</Filter>
    </ClInclude>
    <ClInclude Include="SFMC\SFMT-params19937.h">
      <Filter>sfmt</Filter>
    </ClInclude>
    <ClInclude Include="SFMC\SFMT-sse2.h">
      <Filter>sfmt</Filter>
    </ClInclude>
    <ClInclude Include="SFMC\SFMT.h">
      <Filter>sfmt</Filter>
    </ClInclude>
    <ClInclude Include="Percentile.h">
      <Filter>Header Files</Filter>
    </ClInclude>
    <ClInclude Include="Sensor.h">
      <Filter>Header Files</Filter>
    </ClInclude>
  </ItemGroup>
  <ItemGroup>
    <ClCompile Include="Network.cpp">
      <Filter>Source Files</Filter>
    </ClCompile>
    <ClCompile Include="Solver.cpp">
      <Filter>Source Files</Filter>
    </ClCompile>
    <ClCompile Include="Population.cpp">
      <Filter>Source Files</Filter>
    </ClCompile>
    <ClCompile Include="DataSource.cpp">
      <Filter>Source Files</Filter>
    </ClCompile>
    <ClCompile Include="Viewer.cpp">
      <Filter>Source Files</Filter>
    </ClCompile>
    <ClCompile Include="buildControl.h">
      <Filter>Header Files</Filter>
    </ClCompile>
    <ClCompile Include="testDataSource.cpp">
      <Filter>Source Files</Filter>
    </ClCompile>
    <ClCompile Include="Varima.cpp">
      <Filter>Source Files</Filter>
    </ClCompile>
    <ClCompile Include="SenM.cpp">
      <Filter>Source Files</Filter>
    </ClCompile>
    <ClCompile Include="testSenM.cpp">
      <Filter>Source Files</Filter>
    </ClCompile>
    <ClCompile Include="rngs\rvgs.cpp">
      <Filter>Source Files</Filter>
    </ClCompile>
    <ClCompile Include="SFMC\SFMT.c">
      <Filter>sfmt</Filter>
    </ClCompile>
    <ClCompile Include="Sensor.cpp">
      <Filter>Source Files</Filter>
    </ClCompile>
  </ItemGroup>
</Project>